
Microsoft Visual Studio Solution File, Format Version 12.00
# Visual Studio Version 17
VisualStudioVersion = 17.4.33205.214
MinimumVisualStudioVersion = 10.0.40219.1
Project("{9A19103F-16F7-4668-BE54-9A1E7A4F7556}") = "ProjetoFinalPietra", "ProjetoFinalPietra.csproj", "{AFBED615-E852-41C3-9C90-B4B19C708AFF}"
EndProject
Global
	GlobalSection(SolutionConfigurationPlatforms) = preSolution
		Debug|Any CPU = Debug|Any CPU
		Release|Any CPU = Release|Any CPU
	EndGlobalSection
	GlobalSection(ProjectConfigurationPlatforms) = postSolution
		{AFBED615-E852-41C3-9C90-B4B19C708AFF}.Debug|Any CPU.ActiveCfg = Debug|Any CPU
		{AFBED615-E852-41C3-9C90-B4B19C708AFF}.Debug|Any CPU.Build.0 = Debug|Any CPU
		{AFBED615-E852-41C3-9C90-B4B19C708AFF}.Release|Any CPU.ActiveCfg = Release|Any CPU
		{AFBED615-E852-41C3-9C90-B4B19C708AFF}.Release|Any CPU.Build.0 = Release|Any CPU
	EndGlobalSection
	GlobalSection(SolutionProperties) = preSolution
		HideSolutionNode = FALSE
	EndGlobalSection
	GlobalSection(ExtensibilityGlobals) = postSolution
		SolutionGuid = {3E382778-8312-45FD-9996-5AE2D0AE5B7C}
	EndGlobalSection
EndGlobal
